
Microsoft Visual Studio Solution File, Format Version 12.00
# Visual Studio Version 16
VisualStudioVersion = 16.0.31729.503
MinimumVisualStudioVersion = 10.0.40219.1
Project("{FAE04EC0-301F-11D3-BF4B-00C04F79EFBC}") = "HW5", "HW5\HW5.csproj", "{CBD73E41-258D-4613-9C9F-660C7ADA1F12}"
EndProject
Project("{FAE04EC0-301F-11D3-BF4B-00C04F79EFBC}") = "Tests", "Tests\Tests.csproj", "{BBCC040E-D42E-4A93-AB3A-A821D91C9FC7}"
EndProject
Global
	GlobalSection(SolutionConfigurationPlatforms) = preSolution
		Debug|Any CPU = Debug|Any CPU
		Release|Any CPU = Release|Any CPU
	EndGlobalSection
	GlobalSection(ProjectConfigurationPlatforms) = postSolution
		{CBD73E41-258D-4613-9C9F-660C7ADA1F12}.Debug|Any CPU.ActiveCfg = Debug|Any CPU
		{CBD73E41-258D-4613-9C9F-660C7ADA1F12}.Debug|Any CPU.Build.0 = Debug|Any CPU
		{CBD73E41-258D-4613-9C9F-660C7ADA1F12}.Release|Any CPU.ActiveCfg = Release|Any CPU
		{CBD73E41-258D-4613-9C9F-660C7ADA1F12}.Release|Any CPU.Build.0 = Release|Any CPU
		{BBCC040E-D42E-4A93-AB3A-A821D91C9FC7}.Debug|Any CPU.ActiveCfg = Debug|Any CPU
		{BBCC040E-D42E-4A93-AB3A-A821D91C9FC7}.Debug|Any CPU.Build.0 = Debug|Any CPU
		{BBCC040E-D42E-4A93-AB3A-A821D91C9FC7}.Release|Any CPU.ActiveCfg = Release|Any CPU
		{BBCC040E-D42E-4A93-AB3A-A821D91C9FC7}.Release|Any CPU.Build.0 = Release|Any CPU
	EndGlobalSection
	GlobalSection(SolutionProperties) = preSolution
		HideSolutionNode = FALSE
	EndGlobalSection
	GlobalSection(ExtensibilityGlobals) = postSolution
		SolutionGuid = {F074E91B-BFCE-46ED-8358-6E167128C110}
	EndGlobalSection
EndGlobal
